// !$*UTF8*$!
{
	archiveVersion = 1;
	classes = {
	};
	objectVersion = 56;
	objects = {

/* Begin PBXBuildFile section */
		1ABE7A242A921F5C0086BB24 /* ThreadsCloneApp.swift in Sources */ = {isa = PBXBuildFile; fileRef = 1ABE7A232A921F5C0086BB24 /* ThreadsCloneApp.swift */; };
		1ABE7A262A921F5C0086BB24 /* RootView.swift in Sources */ = {isa = PBXBuildFile; fileRef = 1ABE7A252A921F5C0086BB24 /* RootView.swift */; };
		1ABE7A282A921F5D0086BB24 /* Assets.xcassets in Resources */ = {isa = PBXBuildFile; fileRef = 1ABE7A272A921F5D0086BB24 /* Assets.xcassets */; };
		1ABE7A2B2A921F5D0086BB24 /* Preview Assets.xcassets in Resources */ = {isa = PBXBuildFile; fileRef = 1ABE7A2A2A921F5D0086BB24 /* Preview Assets.xcassets */; };
		1ABE7A352A9220290086BB24 /* UserPrefrencesViewModel.swift in Sources */ = {isa = PBXBuildFile; fileRef = 1ABE7A342A9220290086BB24 /* UserPrefrencesViewModel.swift */; };
		1ABE7A382A9223CE0086BB24 /* HomeView.swift in Sources */ = {isa = PBXBuildFile; fileRef = 1ABE7A372A9223CE0086BB24 /* HomeView.swift */; };
		1ABE7A3A2A9223E90086BB24 /* SearchView.swift in Sources */ = {isa = PBXBuildFile; fileRef = 1ABE7A392A9223E90086BB24 /* SearchView.swift */; };
		1ABE7A3C2A9224090086BB24 /* NewPostView.swift in Sources */ = {isa = PBXBuildFile; fileRef = 1ABE7A3B2A9224090086BB24 /* NewPostView.swift */; };
		1ABE7A3E2A9224560086BB24 /* ActivityView.swift in Sources */ = {isa = PBXBuildFile; fileRef = 1ABE7A3D2A9224560086BB24 /* ActivityView.swift */; };
		1ABE7A402A92246D0086BB24 /* ProfileView.swift in Sources */ = {isa = PBXBuildFile; fileRef = 1ABE7A3F2A92246D0086BB24 /* ProfileView.swift */; };
		1ABE7A422A9224A60086BB24 /* OnboardingView.swift in Sources */ = {isa = PBXBuildFile; fileRef = 1ABE7A412A9224A60086BB24 /* OnboardingView.swift */; };
		1ABE7A442A9224BF0086BB24 /* MainView.swift in Sources */ = {isa = PBXBuildFile; fileRef = 1ABE7A432A9224BF0086BB24 /* MainView.swift */; };
		1ABE7A462A93162C0086BB24 /* AuthViewModel.swift in Sources */ = {isa = PBXBuildFile; fileRef = 1ABE7A452A93162C0086BB24 /* AuthViewModel.swift */; };
		1ABE7A482A9316CF0086BB24 /* PostModel.swift in Sources */ = {isa = PBXBuildFile; fileRef = 1ABE7A472A9316CF0086BB24 /* PostModel.swift */; };
		1ABE7A4A2A9320250086BB24 /* PostCardCompenetView.swift in Sources */ = {isa = PBXBuildFile; fileRef = 1ABE7A492A9320250086BB24 /* PostCardCompenetView.swift */; };
		1ABE7A4C2A933FA50086BB24 /* splashView.swift in Sources */ = {isa = PBXBuildFile; fileRef = 1ABE7A4B2A933FA50086BB24 /* splashView.swift */; };
		1ABE7A4E2A93E2450086BB24 /* UserDataViewModel.swift in Sources */ = {isa = PBXBuildFile; fileRef = 1ABE7A4D2A93E2450086BB24 /* UserDataViewModel.swift */; };
		1ABE7A522A94C5070086BB24 /* ActivityComponentView.swift in Sources */ = {isa = PBXBuildFile; fileRef = 1ABE7A512A94C5070086BB24 /* ActivityComponentView.swift */; };
		1ABE7A542A94D4C60086BB24 /* PostScreenView.swift in Sources */ = {isa = PBXBuildFile; fileRef = 1ABE7A532A94D4C60086BB24 /* PostScreenView.swift */; };
		1AF48FD92A9AB720005DBE6A /* Launch Screen.storyboard in Resources */ = {isa = PBXBuildFile; fileRef = 1AF48FD82A9AB720005DBE6A /* Launch Screen.storyboard */; };
		1AFA354B2A95F05D002CB686 /* UserModel.swift in Sources */ = {isa = PBXBuildFile; fileRef = 1AFA354A2A95F05D002CB686 /* UserModel.swift */; };
		37EE5C9A2A9AD0FE006F245D /* PeopleToFollowComonentView.swift in Sources */ = {isa = PBXBuildFile; fileRef = 37EE5C992A9AD0FE006F245D /* PeopleToFollowComonentView.swift */; };
/* End PBXBuildFile section */

/* Begin PBXFileReference section */
		1ABE7A202A921F5C0086BB24 /* ThreadsClone.app */ = {isa = PBXFileReference; explicitFileType = wrapper.application; includeInIndex = 0; path = ThreadsClone.app; sourceTree = BUILT_PRODUCTS_DIR; };
		1ABE7A232A921F5C0086BB24 /* ThreadsCloneApp.swift */ = {isa = PBXFileReference; lastKnownFileType = sourcecode.swift; path = ThreadsCloneApp.swift; sourceTree = "<group>"; };
		1ABE7A252A921F5C0086BB24 /* RootView.swift */ = {isa = PBXFileReference; lastKnownFileType = sourcecode.swift; path = RootView.swift; sourceTree = "<group>"; };
		1ABE7A272A921F5D0086BB24 /* Assets.xcassets */ = {isa = PBXFileReference; lastKnownFileType = folder.assetcatalog; path = Assets.xcassets; sourceTree = "<group>"; };
		1ABE7A2A2A921F5D0086BB24 /* Preview Assets.xcassets */ = {isa = PBXFileReference; lastKnownFileType = folder.assetcatalog; path = "Preview Assets.xcassets"; sourceTree = "<group>"; };
		1ABE7A342A9220290086BB24 /* UserPrefrencesViewModel.swift */ = {isa = PBXFileReference; lastKnownFileType = sourcecode.swift; path = UserPrefrencesViewModel.swift; sourceTree = "<group>"; };
		1ABE7A372A9223CE0086BB24 /* HomeView.swift */ = {isa = PBXFileReference; lastKnownFileType = sourcecode.swift; path = HomeView.swift; sourceTree = "<group>"; };
		1ABE7A392A9223E90086BB24 /* SearchView.swift */ = {isa = PBXFileReference; lastKnownFileType = sourcecode.swift; path = SearchView.swift; sourceTree = "<group>"; };
		1ABE7A3B2A9224090086BB24 /* NewPostView.swift */ = {isa = PBXFileReference; lastKnownFileType = sourcecode.swift; path = NewPostView.swift; sourceTree = "<group>"; };
		1ABE7A3D2A9224560086BB24 /* ActivityView.swift */ = {isa = PBXFileReference; lastKnownFileType = sourcecode.swift; path = ActivityView.swift; sourceTree = "<group>"; };
		1ABE7A3F2A92246D0086BB24 /* ProfileView.swift */ = {isa = PBXFileReference; lastKnownFileType = sourcecode.swift; path = ProfileView.swift; sourceTree = "<group>"; };
		1ABE7A412A9224A60086BB24 /* OnboardingView.swift */ = {isa = PBXFileReference; lastKnownFileType = sourcecode.swift; path = OnboardingView.swift; sourceTree = "<group>"; };
		1ABE7A432A9224BF0086BB24 /* MainView.swift */ = {isa = PBXFileReference; lastKnownFileType = sourcecode.swift; path = MainView.swift; sourceTree = "<group>"; };
		1ABE7A452A93162C0086BB24 /* AuthViewModel.swift */ = {isa = PBXFileReference; lastKnownFileType = sourcecode.swift; path = AuthViewModel.swift; sourceTree = "<group>"; };
		1ABE7A472A9316CF0086BB24 /* PostModel.swift */ = {isa = PBXFileReference; lastKnownFileType = sourcecode.swift; path = PostModel.swift; sourceTree = "<group>"; };
		1ABE7A492A9320250086BB24 /* PostCardCompenetView.swift */ = {isa = PBXFileReference; lastKnownFileType = sourcecode.swift; path = PostCardCompenetView.swift; sourceTree = "<group>"; };
		1ABE7A4B2A933FA50086BB24 /* splashView.swift */ = {isa = PBXFileReference; lastKnownFileType = sourcecode.swift; path = splashView.swift; sourceTree = "<group>"; };
		1ABE7A4D2A93E2450086BB24 /* UserDataViewModel.swift */ = {isa = PBXFileReference; lastKnownFileType = sourcecode.swift; path = UserDataViewModel.swift; sourceTree = "<group>"; };
		1ABE7A512A94C5070086BB24 /* ActivityComponentView.swift */ = {isa = PBXFileReference; lastKnownFileType = sourcecode.swift; path = ActivityComponentView.swift; sourceTree = "<group>"; };
		1ABE7A532A94D4C60086BB24 /* PostScreenView.swift */ = {isa = PBXFileReference; lastKnownFileType = sourcecode.swift; path = PostScreenView.swift; sourceTree = "<group>"; };
		1AF48FD82A9AB720005DBE6A /* Launch Screen.storyboard */ = {isa = PBXFileReference; lastKnownFileType = file.storyboard; path = "Launch Screen.storyboard"; sourceTree = "<group>"; };
		1AFA354A2A95F05D002CB686 /* UserModel.swift */ = {isa = PBXFileReference; lastKnownFileType = sourcecode.swift; path = UserModel.swift; sourceTree = "<group>"; };
		37EE5C992A9AD0FE006F245D /* PeopleToFollowComonentView.swift */ = {isa = PBXFileReference; lastKnownFileType = sourcecode.swift; path = PeopleToFollowComonentView.swift; sourceTree = "<group>"; };
/* End PBXFileReference section */

/* Begin PBXFrameworksBuildPhase section */
		1ABE7A1D2A921F5C0086BB24 /* Frameworks */ = {
			isa = PBXFrameworksBuildPhase;
			buildActionMask = 2147483647;
			files = (
			);
			runOnlyForDeploymentPostprocessing = 0;
		};
/* End PBXFrameworksBuildPhase section */

/* Begin PBXGroup section */
		1ABE7A172A921F5C0086BB24 = {
			isa = PBXGroup;
			children = (
				1ABE7A222A921F5C0086BB24 /* ThreadsClone */,
				1ABE7A212A921F5C0086BB24 /* Products */,
			);
			sourceTree = "<group>";
		};
		1ABE7A212A921F5C0086BB24 /* Products */ = {
			isa = PBXGroup;
			children = (
				1ABE7A202A921F5C0086BB24 /* ThreadsClone.app */,
			);
			name = Products;
			sourceTree = "<group>";
		};
		1ABE7A222A921F5C0086BB24 /* ThreadsClone */ = {
			isa = PBXGroup;
			children = (
				1AF48FD82A9AB720005DBE6A /* Launch Screen.storyboard */,
				1ABE7A332A921FB80086BB24 /* Models */,
				1ABE7A322A921F750086BB24 /* View Models */,
				1ABE7A312A921F6B0086BB24 /* Views */,
				1ABE7A232A921F5C0086BB24 /* ThreadsCloneApp.swift */,
				1ABE7A252A921F5C0086BB24 /* RootView.swift */,
				1ABE7A272A921F5D0086BB24 /* Assets.xcassets */,
				1ABE7A292A921F5D0086BB24 /* Preview Content */,
			);
			path = ThreadsClone;
			sourceTree = "<group>";
		};
		1ABE7A292A921F5D0086BB24 /* Preview Content */ = {
			isa = PBXGroup;
			children = (
				1ABE7A2A2A921F5D0086BB24 /* Preview Assets.xcassets */,
			);
			path = "Preview Content";
			sourceTree = "<group>";
		};
		1ABE7A312A921F6B0086BB24 /* Views */ = {
			isa = PBXGroup;
			children = (
				1ABE7A362A9223A40086BB24 /* MainView */,
				1ABE7A412A9224A60086BB24 /* OnboardingView.swift */,
				1ABE7A492A9320250086BB24 /* PostCardCompenetView.swift */,
				1ABE7A4B2A933FA50086BB24 /* splashView.swift */,
				1ABE7A512A94C5070086BB24 /* ActivityComponentView.swift */,
				1ABE7A532A94D4C60086BB24 /* PostScreenView.swift */,
				37EE5C992A9AD0FE006F245D /* PeopleToFollowComonentView.swift */,
			);
			path = Views;
			sourceTree = "<group>";
		};
		1ABE7A322A921F750086BB24 /* View Models */ = {
			isa = PBXGroup;
			children = (
				1ABE7A342A9220290086BB24 /* UserPrefrencesViewModel.swift */,
				1ABE7A452A93162C0086BB24 /* AuthViewModel.swift */,
				1ABE7A4D2A93E2450086BB24 /* UserDataViewModel.swift */,
			);
			path = "View Models";
			sourceTree = "<group>";
		};
		1ABE7A332A921FB80086BB24 /* Models */ = {
			isa = PBXGroup;
			children = (
				1ABE7A472A9316CF0086BB24 /* PostModel.swift */,
				1AFA354A2A95F05D002CB686 /* UserModel.swift */,
			);
			path = Models;
			sourceTree = "<group>";
		};
		1ABE7A362A9223A40086BB24 /* MainView */ = {
			isa = PBXGroup;
			children = (
				1ABE7A372A9223CE0086BB24 /* HomeView.swift */,
				1ABE7A392A9223E90086BB24 /* SearchView.swift */,
				1ABE7A3B2A9224090086BB24 /* NewPostView.swift */,
				1ABE7A3D2A9224560086BB24 /* ActivityView.swift */,
				1ABE7A3F2A92246D0086BB24 /* ProfileView.swift */,
				1ABE7A432A9224BF0086BB24 /* MainView.swift */,
			);
			path = MainView;
			sourceTree = "<group>";
		};
/* End PBXGroup section */

/* Begin PBXNativeTarget section */
		1ABE7A1F2A921F5C0086BB24 /* ThreadsClone */ = {
			isa = PBXNativeTarget;
			buildConfigurationList = 1ABE7A2E2A921F5D0086BB24 /* Build configuration list for PBXNativeTarget "ThreadsClone" */;
			buildPhases = (
				1ABE7A1C2A921F5C0086BB24 /* Sources */,
				1ABE7A1D2A921F5C0086BB24 /* Frameworks */,
				1ABE7A1E2A921F5C0086BB24 /* Resources */,
			);
			buildRules = (
			);
			dependencies = (
			);
			name = ThreadsClone;
			productName = ThreadsClone;
			productReference = 1ABE7A202A921F5C0086BB24 /* ThreadsClone.app */;
			productType = "com.apple.product-type.application";
		};
/* End PBXNativeTarget section */

/* Begin PBXProject section */
		1ABE7A182A921F5C0086BB24 /* Project object */ = {
			isa = PBXProject;
			attributes = {
				BuildIndependentTargetsInParallel = 1;
				LastSwiftUpdateCheck = 1430;
				LastUpgradeCheck = 1430;
				TargetAttributes = {
					1ABE7A1F2A921F5C0086BB24 = {
						CreatedOnToolsVersion = 14.3.1;
					};
				};
			};
			buildConfigurationList = 1ABE7A1B2A921F5C0086BB24 /* Build configuration list for PBXProject "ThreadsClone" */;
			compatibilityVersion = "Xcode 14.0";
			developmentRegion = en;
			hasScannedForEncodings = 0;
			knownRegions = (
				en,
				Base,
			);
			mainGroup = 1ABE7A172A921F5C0086BB24;
			productRefGroup = 1ABE7A212A921F5C0086BB24 /* Products */;
			projectDirPath = "";
			projectRoot = "";
			targets = (
				1ABE7A1F2A921F5C0086BB24 /* ThreadsClone */,
			);
		};
/* End PBXProject section */

/* Begin PBXResourcesBuildPhase section */
		1ABE7A1E2A921F5C0086BB24 /* Resources */ = {
			isa = PBXResourcesBuildPhase;
			buildActionMask = 2147483647;
			files = (
				1AF48FD92A9AB720005DBE6A /* Launch Screen.storyboard in Resources */,
				1ABE7A2B2A921F5D0086BB24 /* Preview Assets.xcassets in Resources */,
				1ABE7A282A921F5D0086BB24 /* Assets.xcassets in Resources */,
			);
			runOnlyForDeploymentPostprocessing = 0;
		};
/* End PBXResourcesBuildPhase section */

/* Begin PBXSourcesBuildPhase section */
		1ABE7A1C2A921F5C0086BB24 /* Sources */ = {
			isa = PBXSourcesBuildPhase;
			buildActionMask = 2147483647;
			files = (
				1ABE7A402A92246D0086BB24 /* ProfileView.swift in Sources */,
				1ABE7A522A94C5070086BB24 /* ActivityComponentView.swift in Sources */,
				1ABE7A482A9316CF0086BB24 /* PostModel.swift in Sources */,
				1ABE7A3A2A9223E90086BB24 /* SearchView.swift in Sources */,
				1ABE7A4E2A93E2450086BB24 /* UserDataViewModel.swift in Sources */,
				1ABE7A4C2A933FA50086BB24 /* splashView.swift in Sources */,
				1ABE7A262A921F5C0086BB24 /* RootView.swift in Sources */,
				1ABE7A442A9224BF0086BB24 /* MainView.swift in Sources */,
				1ABE7A422A9224A60086BB24 /* OnboardingView.swift in Sources */,
				1ABE7A382A9223CE0086BB24 /* HomeView.swift in Sources */,
				1ABE7A4A2A9320250086BB24 /* PostCardCompenetView.swift in Sources */,
				37EE5C9A2A9AD0FE006F245D /* PeopleToFollowComonentView.swift in Sources */,
				1ABE7A3C2A9224090086BB24 /* NewPostView.swift in Sources */,
				1ABE7A462A93162C0086BB24 /* AuthViewModel.swift in Sources */,
				1ABE7A3E2A9224560086BB24 /* ActivityView.swift in Sources */,
				1ABE7A542A94D4C60086BB24 /* PostScreenView.swift in Sources */,
				1ABE7A352A9220290086BB24 /* UserPrefrencesViewModel.swift in Sources */,
				1AFA354B2A95F05D002CB686 /* UserModel.swift in Sources */,
				1ABE7A242A921F5C0086BB24 /* ThreadsCloneApp.swift in Sources */,
			);
			runOnlyForDeploymentPostprocessing = 0;
		};
/* End PBXSourcesBuildPhase section */

/* Begin XCBuildConfiguration section */
		1ABE7A2C2A921F5D0086BB24 /* Debug */ = {
			isa = XCBuildConfiguration;
			buildSettings = {
				ALWAYS_SEARCH_USER_PATHS = NO;
				CLANG_ANALYZER_NONNULL = YES;
				CLANG_ANALYZER_NUMBER_OBJECT_CONVERSION = YES_AGGRESSIVE;
				CLANG_CXX_LANGUAGE_STANDARD = "gnu++20";
				CLANG_ENABLE_MODULES = YES;
				CLANG_ENABLE_OBJC_ARC = YES;
				CLANG_ENABLE_OBJC_WEAK = YES;
				CLANG_WARN_BLOCK_CAPTURE_AUTORELEASING = YES;
				CLANG_WARN_BOOL_CONVERSION = YES;
				CLANG_WARN_COMMA = YES;
				CLANG_WARN_CONSTANT_CONVERSION = YES;
				CLANG_WARN_DEPRECATED_OBJC_IMPLEMENTATIONS = YES;
				CLANG_WARN_DIRECT_OBJC_ISA_USAGE = YES_ERROR;
				CLANG_WARN_DOCUMENTATION_COMMENTS = YES;
				CLANG_WARN_EMPTY_BODY = YES;
				CLANG_WARN_ENUM_CONVERSION = YES;
				CLANG_WARN_INFINITE_RECURSION = YES;
				CLANG_WARN_INT_CONVERSION = YES;
				CLANG_WARN_NON_LITERAL_NULL_CONVERSION = YES;
				CLANG_WARN_OBJC_IMPLICIT_RETAIN_SELF = YES;
				CLANG_WARN_OBJC_LITERAL_CONVERSION = YES;
				CLANG_WARN_OBJC_ROOT_CLASS = YES_ERROR;
				CLANG_WARN_QUOTED_INCLUDE_IN_FRAMEWORK_HEADER = YES;
				CLANG_WARN_RANGE_LOOP_ANALYSIS = YES;
				CLANG_WARN_STRICT_PROTOTYPES = YES;
				CLANG_WARN_SUSPICIOUS_MOVE = YES;
				CLANG_WARN_UNGUARDED_AVAILABILITY = YES_AGGRESSIVE;
				CLANG_WARN_UNREACHABLE_CODE = YES;
				CLANG_WARN__DUPLICATE_METHOD_MATCH = YES;
				COPY_PHASE_STRIP = NO;
				DEBUG_INFORMATION_FORMAT = dwarf;
				ENABLE_STRICT_OBJC_MSGSEND = YES;
				ENABLE_TESTABILITY = YES;
				GCC_C_LANGUAGE_STANDARD = gnu11;
				GCC_DYNAMIC_NO_PIC = NO;
				GCC_NO_COMMON_BLOCKS = YES;
				GCC_OPTIMIZATION_LEVEL = 0;
				GCC_PREPROCESSOR_DEFINITIONS = (
					"DEBUG=1",
					"$(inherited)",
				);
				GCC_WARN_64_TO_32_BIT_CONVERSION = YES;
				GCC_WARN_ABOUT_RETURN_TYPE = YES_ERROR;
				GCC_WARN_UNDECLARED_SELECTOR = YES;
				GCC_WARN_UNINITIALIZED_AUTOS = YES_AGGRESSIVE;
				GCC_WARN_UNUSED_FUNCTION = YES;
				GCC_WARN_UNUSED_VARIABLE = YES;
				IPHONEOS_DEPLOYMENT_TARGET = 16.4;
				MTL_ENABLE_DEBUG_INFO = INCLUDE_SOURCE;
				MTL_FAST_MATH = YES;
				ONLY_ACTIVE_ARCH = YES;
				SDKROOT = iphoneos;
				SWIFT_ACTIVE_COMPILATION_CONDITIONS = DEBUG;
				SWIFT_OPTIMIZATION_LEVEL = "-Onone";
			};
			name = Debug;
		};
		1ABE7A2D2A921F5D0086BB24 /* Release */ = {
			isa = XCBuildConfiguration;
			buildSettings = {
				ALWAYS_SEARCH_USER_PATHS = NO;
				CLANG_ANALYZER_NONNULL = YES;
				CLANG_ANALYZER_NUMBER_OBJECT_CONVERSION = YES_AGGRESSIVE;
				CLANG_CXX_LANGUAGE_STANDARD = "gnu++20";
				CLANG_ENABLE_MODULES = YES;
				CLANG_ENABLE_OBJC_ARC = YES;
				CLANG_ENABLE_OBJC_WEAK = YES;
				CLANG_WARN_BLOCK_CAPTURE_AUTORELEASING = YES;
				CLANG_WARN_BOOL_CONVERSION = YES;
				CLANG_WARN_COMMA = YES;
				CLANG_WARN_CONSTANT_CONVERSION = YES;
				CLANG_WARN_DEPRECATED_OBJC_IMPLEMENTATIONS = YES;
				CLANG_WARN_DIRECT_OBJC_ISA_USAGE = YES_ERROR;
				CLANG_WARN_DOCUMENTATION_COMMENTS = YES;
				CLANG_WARN_EMPTY_BODY = YES;
				CLANG_WARN_ENUM_CONVERSION = YES;
				CLANG_WARN_INFINITE_RECURSION = YES;
				CLANG_WARN_INT_CONVERSION = YES;
				CLANG_WARN_NON_LITERAL_NULL_CONVERSION = YES;
				CLANG_WARN_OBJC_IMPLICIT_RETAIN_SELF = YES;
				CLANG_WARN_OBJC_LITERAL_CONVERSION = YES;
				CLANG_WARN_OBJC_ROOT_CLASS = YES_ERROR;
				CLANG_WARN_QUOTED_INCLUDE_IN_FRAMEWORK_HEADER = YES;
				CLANG_WARN_RANGE_LOOP_ANALYSIS = YES;
				CLANG_WARN_STRICT_PROTOTYPES = YES;
				CLANG_WARN_SUSPICIOUS_MOVE = YES;
				CLANG_WARN_UNGUARDED_AVAILABILITY = YES_AGGRESSIVE;
				CLANG_WARN_UNREACHABLE_CODE = YES;
				CLANG_WARN__DUPLICATE_METHOD_MATCH = YES;
				COPY_PHASE_STRIP = NO;
				DEBUG_INFORMATION_FORMAT = "dwarf-with-dsym";
				ENABLE_NS_ASSERTIONS = NO;
				ENABLE_STRICT_OBJC_MSGSEND = YES;
				GCC_C_LANGUAGE_STANDARD = gnu11;
				GCC_NO_COMMON_BLOCKS = YES;
				GCC_WARN_64_TO_32_BIT_CONVERSION = YES;
				GCC_WARN_ABOUT_RETURN_TYPE = YES_ERROR;
				GCC_WARN_UNDECLARED_SELECTOR = YES;
				GCC_WARN_UNINITIALIZED_AUTOS = YES_AGGRESSIVE;
				GCC_WARN_UNUSED_FUNCTION = YES;
				GCC_WARN_UNUSED_VARIABLE = YES;
				IPHONEOS_DEPLOYMENT_TARGET = 16.4;
				MTL_ENABLE_DEBUG_INFO = NO;
				MTL_FAST_MATH = YES;
				SDKROOT = iphoneos;
				SWIFT_COMPILATION_MODE = wholemodule;
				SWIFT_OPTIMIZATION_LEVEL = "-O";
				VALIDATE_PRODUCT = YES;
			};
			name = Release;
		};
		1ABE7A2F2A921F5D0086BB24 /* Debug */ = {
			isa = XCBuildConfiguration;
			buildSettings = {
				ASSETCATALOG_COMPILER_APPICON_NAME = AppIcon;
				ASSETCATALOG_COMPILER_GLOBAL_ACCENT_COLOR_NAME = AccentColor;
				CODE_SIGN_STYLE = Automatic;
				CURRENT_PROJECT_VERSION = 1;
				DEVELOPMENT_ASSET_PATHS = "\"ThreadsClone/Preview Content\"";
				ENABLE_PREVIEWS = YES;
				GENERATE_INFOPLIST_FILE = YES;
				INFOPLIST_KEY_UIApplicationSceneManifest_Generation = YES;
				INFOPLIST_KEY_UIApplicationSupportsIndirectInputEvents = YES;
				INFOPLIST_KEY_UILaunchScreen_Generation = YES;
				INFOPLIST_KEY_UILaunchStoryboardName = "Launch Screen.storyboard";
				INFOPLIST_KEY_UISupportedInterfaceOrientations_iPad = "UIInterfaceOrientationPortrait UIInterfaceOrientationPortraitUpsideDown UIInterfaceOrientationLandscapeLeft UIInterfaceOrientationLandscapeRight";
				INFOPLIST_KEY_UISupportedInterfaceOrientations_iPhone = "UIInterfaceOrientationPortrait UIInterfaceOrientationLandscapeLeft UIInterfaceOrientationLandscapeRight";
				LD_RUNPATH_SEARCH_PATHS = (
					"$(inherited)",
					"@executable_path/Frameworks",
				);
				MARKETING_VERSION = 1.0;
				PRODUCT_BUNDLE_IDENTIFIER = Muneera.ThreadsClone;
				PRODUCT_NAME = "$(TARGET_NAME)";
				SWIFT_EMIT_LOC_STRINGS = YES;
				SWIFT_VERSION = 5.0;
				TARGETED_DEVICE_FAMILY = "1,2";
			};
			name = Debug;
		};
		1ABE7A302A921F5D0086BB24 /* Release */ = {
			isa = XCBuildConfiguration;
			buildSettings = {
				ASSETCATALOG_COMPILER_APPICON_NAME = AppIcon;
				ASSETCATALOG_COMPILER_GLOBAL_ACCENT_COLOR_NAME = AccentColor;
				CODE_SIGN_STYLE = Automatic;
				CURRENT_PROJECT_VERSION = 1;
				DEVELOPMENT_ASSET_PATHS = "\"ThreadsClone/Preview Content\"";
				ENABLE_PREVIEWS = YES;
				GENERATE_INFOPLIST_FILE = YES;
				INFOPLIST_KEY_UIApplicationSceneManifest_Generation = YES;
				INFOPLIST_KEY_UIApplicationSupportsIndirectInputEvents = YES;
				INFOPLIST_KEY_UILaunchScreen_Generation = YES;
				INFOPLIST_KEY_UILaunchStoryboardName = "Launch Screen.storyboard";
				INFOPLIST_KEY_UISupportedInterfaceOrientations_iPad = "UIInterfaceOrientationPortrait UIInterfaceOrientationPortraitUpsideDown UIInterfaceOrientationLandscapeLeft UIInterfaceOrientationLandscapeRight";
				INFOPLIST_KEY_UISupportedInterfaceOrientations_iPhone = "UIInterfaceOrientationPortrait UIInterfaceOrientationLandscapeLeft UIInterfaceOrientationLandscapeRight";
				LD_RUNPATH_SEARCH_PATHS = (
					"$(inherited)",
					"@executable_path/Frameworks",
				);
				MARKETING_VERSION = 1.0;
				PRODUCT_BUNDLE_IDENTIFIER = Muneera.ThreadsClone;
				PRODUCT_NAME = "$(TARGET_NAME)";
				SWIFT_EMIT_LOC_STRINGS = YES;
				SWIFT_VERSION = 5.0;
				TARGETED_DEVICE_FAMILY = "1,2";
			};
			name = Release;
		};
/* End XCBuildConfiguration section */

/* Begin XCConfigurationList section */
		1ABE7A1B2A921F5C0086BB24 /* Build configuration list for PBXProject "ThreadsClone" */ = {
			isa = XCConfigurationList;
			buildConfigurations = (
				1ABE7A2C2A921F5D0086BB24 /* Debug */,
				1ABE7A2D2A921F5D0086BB24 /* Release */,
			);
			defaultConfigurationIsVisible = 0;
			defaultConfigurationName = Release;
		};
		1ABE7A2E2A921F5D0086BB24 /* Build configuration list for PBXNativeTarget "ThreadsClone" */ = {
			isa = XCConfigurationList;
			buildConfigurations = (
				1ABE7A2F2A921F5D0086BB24 /* Debug */,
				1ABE7A302A921F5D0086BB24 /* Release */,
			);
			defaultConfigurationIsVisible = 0;
			defaultConfigurationName = Release;
		};
/* End XCConfigurationList section */
	};
	rootObject = 1ABE7A182A921F5C0086BB24 /* Project object */;
}
